// !$*UTF8*$!
{
	archiveVersion = 1;
	classes = {
	};
	objectVersion = 50;
	objects = {

/* Begin PBXBuildFile section */
		02944D102288F80900CD6753 /* AppDelegate.swift in Sources */ = {isa = PBXBuildFile; fileRef = 02944D0F2288F80900CD6753 /* AppDelegate.swift */; };
		02944D122288F80900CD6753 /* ViewController.swift in Sources */ = {isa = PBXBuildFile; fileRef = 02944D112288F80900CD6753 /* ViewController.swift */; };
		02944D152288F80900CD6753 /* Main.storyboard in Resources */ = {isa = PBXBuildFile; fileRef = 02944D132288F80900CD6753 /* Main.storyboard */; };
		02944D172288F80A00CD6753 /* Assets.xcassets in Resources */ = {isa = PBXBuildFile; fileRef = 02944D162288F80A00CD6753 /* Assets.xcassets */; };
		02944D1A2288F80A00CD6753 /* LaunchScreen.storyboard in Resources */ = {isa = PBXBuildFile; fileRef = 02944D182288F80A00CD6753 /* LaunchScreen.storyboard */; };
		02EA6BC42288FEC1009B28CA /* UIBarButtonItem-Extension.swift in Sources */ = {isa = PBXBuildFile; fileRef = 02EA6BC32288FEC1009B28CA /* UIBarButtonItem-Extension.swift */; };
		02EA6BC622890183009B28CA /* UIColor-Extension.swift in Sources */ = {isa = PBXBuildFile; fileRef = 02EA6BC522890183009B28CA /* UIColor-Extension.swift */; };
		02EA6BC822890588009B28CA /* NSDate-Extension.swift in Sources */ = {isa = PBXBuildFile; fileRef = 02EA6BC722890588009B28CA /* NSDate-Extension.swift */; };
		02EA6BCA2289070D009B28CA /* NSString-Extension.swift in Sources */ = {isa = PBXBuildFile; fileRef = 02EA6BC92289070D009B28CA /* NSString-Extension.swift */; };
		02EA6BCD22890968009B28CA /* Common.swift in Sources */ = {isa = PBXBuildFile; fileRef = 02EA6BCC22890968009B28CA /* Common.swift */; };
		02EA6BCF228909EF009B28CA /* netWorkTools.swift in Sources */ = {isa = PBXBuildFile; fileRef = 02EA6BCE228909EF009B28CA /* netWorkTools.swift */; };
		02EA6BD222890C9D009B28CA /* BaseGameModel.swift in Sources */ = {isa = PBXBuildFile; fileRef = 02EA6BD122890C9D009B28CA /* BaseGameModel.swift */; };
		02EA6BD422890D8D009B28CA /* AnchorGroupModel.swift in Sources */ = {isa = PBXBuildFile; fileRef = 02EA6BD322890D8D009B28CA /* AnchorGroupModel.swift */; };
		02EA6BD622890E7D009B28CA /* AnchorModel.swift in Sources */ = {isa = PBXBuildFile; fileRef = 02EA6BD522890E7D009B28CA /* AnchorModel.swift */; };
		02EA6BD9228910C0009B28CA /* BaseViewModel.swift in Sources */ = {isa = PBXBuildFile; fileRef = 02EA6BD8228910C0009B28CA /* BaseViewModel.swift */; };
		02EA6BDC22891CCF009B28CA /* PageTitleView.swift in Sources */ = {isa = PBXBuildFile; fileRef = 02EA6BDB22891CCF009B28CA /* PageTitleView.swift */; };
		02EA6BDE22893C1B009B28CA /* CollectionBaseCell.swift in Sources */ = {isa = PBXBuildFile; fileRef = 02EA6BDD22893C1B009B28CA /* CollectionBaseCell.swift */; };
		A52F33E8BCDBF6F7E43EEB31 /* Pods_swiftLearnDemo.framework in Frameworks */ = {isa = PBXBuildFile; fileRef = 29BCB57B4227E0E55EA3F8B5 /* Pods_swiftLearnDemo.framework */; };
/* End PBXBuildFile section */

/* Begin PBXFileReference section */
		02944D0C2288F80900CD6753 /* swiftLearnDemo.app */ = {isa = PBXFileReference; explicitFileType = wrapper.application; includeInIndex = 0; path = swiftLearnDemo.app; sourceTree = BUILT_PRODUCTS_DIR; };
		02944D0F2288F80900CD6753 /* AppDelegate.swift */ = {isa = PBXFileReference; lastKnownFileType = sourcecode.swift; path = AppDelegate.swift; sourceTree = "<group>"; };
		02944D112288F80900CD6753 /* ViewController.swift */ = {isa = PBXFileReference; lastKnownFileType = sourcecode.swift; path = ViewController.swift; sourceTree = "<group>"; };
		02944D142288F80900CD6753 /* Base */ = {isa = PBXFileReference; lastKnownFileType = file.storyboard; name = Base; path = Base.lproj/Main.storyboard; sourceTree = "<group>"; };
		02944D162288F80A00CD6753 /* Assets.xcassets */ = {isa = PBXFileReference; lastKnownFileType = folder.assetcatalog; path = Assets.xcassets; sourceTree = "<group>"; };
		02944D192288F80A00CD6753 /* Base */ = {isa = PBXFileReference; lastKnownFileType = file.storyboard; name = Base; path = Base.lproj/LaunchScreen.storyboard; sourceTree = "<group>"; };
		02944D1B2288F80A00CD6753 /* Info.plist */ = {isa = PBXFileReference; lastKnownFileType = text.plist.xml; path = Info.plist; sourceTree = "<group>"; };
		02EA6BC32288FEC1009B28CA /* UIBarButtonItem-Extension.swift */ = {isa = PBXFileReference; lastKnownFileType = sourcecode.swift; path = "UIBarButtonItem-Extension.swift"; sourceTree = "<group>"; };
		02EA6BC522890183009B28CA /* UIColor-Extension.swift */ = {isa = PBXFileReference; lastKnownFileType = sourcecode.swift; path = "UIColor-Extension.swift"; sourceTree = "<group>"; };
		02EA6BC722890588009B28CA /* NSDate-Extension.swift */ = {isa = PBXFileReference; lastKnownFileType = sourcecode.swift; path = "NSDate-Extension.swift"; sourceTree = "<group>"; };
		02EA6BC92289070D009B28CA /* NSString-Extension.swift */ = {isa = PBXFileReference; lastKnownFileType = sourcecode.swift; path = "NSString-Extension.swift"; sourceTree = "<group>"; };
		02EA6BCC22890968009B28CA /* Common.swift */ = {isa = PBXFileReference; lastKnownFileType = sourcecode.swift; path = Common.swift; sourceTree = "<group>"; };
		02EA6BCE228909EF009B28CA /* netWorkTools.swift */ = {isa = PBXFileReference; lastKnownFileType = sourcecode.swift; path = netWorkTools.swift; sourceTree = "<group>"; };
		02EA6BD122890C9D009B28CA /* BaseGameModel.swift */ = {isa = PBXFileReference; lastKnownFileType = sourcecode.swift; path = BaseGameModel.swift; sourceTree = "<group>"; };
		02EA6BD322890D8D009B28CA /* AnchorGroupModel.swift */ = {isa = PBXFileReference; lastKnownFileType = sourcecode.swift; path = AnchorGroupModel.swift; sourceTree = "<group>"; };
		02EA6BD522890E7D009B28CA /* AnchorModel.swift */ = {isa = PBXFileReference; lastKnownFileType = sourcecode.swift; path = AnchorModel.swift; sourceTree = "<group>"; };
		02EA6BD8228910C0009B28CA /* BaseViewModel.swift */ = {isa = PBXFileReference; lastKnownFileType = sourcecode.swift; path = BaseViewModel.swift; sourceTree = "<group>"; };
		02EA6BDB22891CCF009B28CA /* PageTitleView.swift */ = {isa = PBXFileReference; lastKnownFileType = sourcecode.swift; path = PageTitleView.swift; sourceTree = "<group>"; };
		02EA6BDD22893C1B009B28CA /* CollectionBaseCell.swift */ = {isa = PBXFileReference; lastKnownFileType = sourcecode.swift; path = CollectionBaseCell.swift; sourceTree = "<group>"; };
		29BCB57B4227E0E55EA3F8B5 /* Pods_swiftLearnDemo.framework */ = {isa = PBXFileReference; explicitFileType = wrapper.framework; includeInIndex = 0; path = Pods_swiftLearnDemo.framework; sourceTree = BUILT_PRODUCTS_DIR; };
		4E1D341CAE8B15991DBF9686 /* Pods-swiftLearnDemo.release.xcconfig */ = {isa = PBXFileReference; includeInIndex = 1; lastKnownFileType = text.xcconfig; name = "Pods-swiftLearnDemo.release.xcconfig"; path = "Pods/Target Support Files/Pods-swiftLearnDemo/Pods-swiftLearnDemo.release.xcconfig"; sourceTree = "<group>"; };
		C5FC3DC6EA8A993DE6B1D720 /* Pods-swiftLearnDemo.debug.xcconfig */ = {isa = PBXFileReference; includeInIndex = 1; lastKnownFileType = text.xcconfig; name = "Pods-swiftLearnDemo.debug.xcconfig"; path = "Pods/Target Support Files/Pods-swiftLearnDemo/Pods-swiftLearnDemo.debug.xcconfig"; sourceTree = "<group>"; };
/* End PBXFileReference section */

/* Begin PBXFrameworksBuildPhase section */
		02944D092288F80900CD6753 /* Frameworks */ = {
			isa = PBXFrameworksBuildPhase;
			buildActionMask = 2147483647;
			files = (
				A52F33E8BCDBF6F7E43EEB31 /* Pods_swiftLearnDemo.framework in Frameworks */,
			);
			runOnlyForDeploymentPostprocessing = 0;
		};
/* End PBXFrameworksBuildPhase section */

/* Begin PBXGroup section */
		02944D032288F80900CD6753 = {
			isa = PBXGroup;
			children = (
				02944D0E2288F80900CD6753 /* swiftLearnDemo */,
				02944D0D2288F80900CD6753 /* Products */,
				4F0F9EDC698EF66AB28B6408 /* Pods */,
				18CD1EACC1DD8F46E3F0A73E /* Frameworks */,
			);
			sourceTree = "<group>";
		};
		02944D0D2288F80900CD6753 /* Products */ = {
			isa = PBXGroup;
			children = (
				02944D0C2288F80900CD6753 /* swiftLearnDemo.app */,
			);
			name = Products;
			sourceTree = "<group>";
		};
		02944D0E2288F80900CD6753 /* swiftLearnDemo */ = {
			isa = PBXGroup;
			children = (
				02EA6BC12288FDFC009B28CA /* Tools */,
				02EA6BC02288FDEB009B28CA /* Main */,
				02EA6BBF2288FDBE009B28CA /* AppDelegate */,
				02944D162288F80A00CD6753 /* Assets.xcassets */,
				02944D1B2288F80A00CD6753 /* Info.plist */,
			);
			path = swiftLearnDemo;
			sourceTree = "<group>";
		};
		02EA6BBF2288FDBE009B28CA /* AppDelegate */ = {
			isa = PBXGroup;
			children = (
				02944D0F2288F80900CD6753 /* AppDelegate.swift */,
				02944D112288F80900CD6753 /* ViewController.swift */,
				02944D132288F80900CD6753 /* Main.storyboard */,
				02944D182288F80A00CD6753 /* LaunchScreen.storyboard */,
			);
			path = AppDelegate;
			sourceTree = "<group>";
		};
		02EA6BC02288FDEB009B28CA /* Main */ = {
			isa = PBXGroup;
			children = (
				02EA6BDA22891CC4009B28CA /* View */,
				02EA6BD7228910A3009B28CA /* ViewModel */,
				02EA6BD022890C83009B28CA /* Model */,
			);
			path = Main;
			sourceTree = "<group>";
		};
		02EA6BC12288FDFC009B28CA /* Tools */ = {
			isa = PBXGroup;
			children = (
				02EA6BCB22890938009B28CA /* base */,
				02EA6BC22288FE18009B28CA /* Extension */,
			);
			path = Tools;
			sourceTree = "<group>";
		};
		02EA6BC22288FE18009B28CA /* Extension */ = {
			isa = PBXGroup;
			children = (
				02EA6BC32288FEC1009B28CA /* UIBarButtonItem-Extension.swift */,
				02EA6BC522890183009B28CA /* UIColor-Extension.swift */,
				02EA6BC722890588009B28CA /* NSDate-Extension.swift */,
				02EA6BC92289070D009B28CA /* NSString-Extension.swift */,
			);
			path = Extension;
			sourceTree = "<group>";
		};
		02EA6BCB22890938009B28CA /* base */ = {
			isa = PBXGroup;
			children = (
				02EA6BCC22890968009B28CA /* Common.swift */,
				02EA6BCE228909EF009B28CA /* netWorkTools.swift */,
			);
			path = base;
			sourceTree = "<group>";
		};
		02EA6BD022890C83009B28CA /* Model */ = {
			isa = PBXGroup;
			children = (
				02EA6BD122890C9D009B28CA /* BaseGameModel.swift */,
				02EA6BD322890D8D009B28CA /* AnchorGroupModel.swift */,
				02EA6BD522890E7D009B28CA /* AnchorModel.swift */,
			);
			path = Model;
			sourceTree = "<group>";
		};
		02EA6BD7228910A3009B28CA /* ViewModel */ = {
			isa = PBXGroup;
			children = (
				02EA6BD8228910C0009B28CA /* BaseViewModel.swift */,
			);
			path = ViewModel;
			sourceTree = "<group>";
		};
		02EA6BDA22891CC4009B28CA /* View */ = {
			isa = PBXGroup;
			children = (
				02EA6BDB22891CCF009B28CA /* PageTitleView.swift */,
				02EA6BDD22893C1B009B28CA /* CollectionBaseCell.swift */,
			);
			path = View;
			sourceTree = "<group>";
		};
		18CD1EACC1DD8F46E3F0A73E /* Frameworks */ = {
			isa = PBXGroup;
			children = (
				29BCB57B4227E0E55EA3F8B5 /* Pods_swiftLearnDemo.framework */,
			);
			name = Frameworks;
			sourceTree = "<group>";
		};
		4F0F9EDC698EF66AB28B6408 /* Pods */ = {
			isa = PBXGroup;
			children = (
				C5FC3DC6EA8A993DE6B1D720 /* Pods-swiftLearnDemo.debug.xcconfig */,
				4E1D341CAE8B15991DBF9686 /* Pods-swiftLearnDemo.release.xcconfig */,
			);
			name = Pods;
			sourceTree = "<group>";
		};
/* End PBXGroup section */

/* Begin PBXNativeTarget section */
		02944D0B2288F80900CD6753 /* swiftLearnDemo */ = {
			isa = PBXNativeTarget;
			buildConfigurationList = 02944D1E2288F80A00CD6753 /* Build configuration list for PBXNativeTarget "swiftLearnDemo" */;
			buildPhases = (
				219DE152525296A29A723F2B /* [CP] Check Pods Manifest.lock */,
				02944D082288F80900CD6753 /* Sources */,
				02944D092288F80900CD6753 /* Frameworks */,
				02944D0A2288F80900CD6753 /* Resources */,
				6C4E4AE9B327945DF6E92AE6 /* [CP] Embed Pods Frameworks */,
			);
			buildRules = (
			);
			dependencies = (
			);
			name = swiftLearnDemo;
			productName = swiftLearnDemo;
			productReference = 02944D0C2288F80900CD6753 /* swiftLearnDemo.app */;
			productType = "com.apple.product-type.application";
		};
/* End PBXNativeTarget section */

/* Begin PBXProject section */
		02944D042288F80900CD6753 /* Project object */ = {
			isa = PBXProject;
			attributes = {
				LastSwiftUpdateCheck = 1020;
				LastUpgradeCheck = 1020;
				ORGANIZATIONNAME = "张亚飞";
				TargetAttributes = {
					02944D0B2288F80900CD6753 = {
						CreatedOnToolsVersion = 10.2.1;
					};
				};
			};
			buildConfigurationList = 02944D072288F80900CD6753 /* Build configuration list for PBXProject "swiftLearnDemo" */;
			compatibilityVersion = "Xcode 9.3";
			developmentRegion = en;
			hasScannedForEncodings = 0;
			knownRegions = (
				en,
				Base,
			);
			mainGroup = 02944D032288F80900CD6753;
			productRefGroup = 02944D0D2288F80900CD6753 /* Products */;
			projectDirPath = "";
			projectRoot = "";
			targets = (
				02944D0B2288F80900CD6753 /* swiftLearnDemo */,
			);
		};
/* End PBXProject section */

/* Begin PBXResourcesBuildPhase section */
		02944D0A2288F80900CD6753 /* Resources */ = {
			isa = PBXResourcesBuildPhase;
			buildActionMask = 2147483647;
			files = (
				02944D1A2288F80A00CD6753 /* LaunchScreen.storyboard in Resources */,
				02944D172288F80A00CD6753 /* Assets.xcassets in Resources */,
				02944D152288F80900CD6753 /* Main.storyboard in Resources */,
			);
			runOnlyForDeploymentPostprocessing = 0;
		};
/* End PBXResourcesBuildPhase section */

/* Begin PBXShellScriptBuildPhase section */
		219DE152525296A29A723F2B /* [CP] Check Pods Manifest.lock */ = {
			isa = PBXShellScriptBuildPhase;
			buildActionMask = 2147483647;
			files = (
			);
			inputPaths = (
				"${PODS_PODFILE_DIR_PATH}/Podfile.lock",
				"${PODS_ROOT}/Manifest.lock",
			);
			name = "[CP] Check Pods Manifest.lock";
			outputPaths = (
				"$(DERIVED_FILE_DIR)/Pods-swiftLearnDemo-checkManifestLockResult.txt",
			);
			runOnlyForDeploymentPostprocessing = 0;
			shellPath = /bin/sh;
			shellScript = "diff \"${PODS_PODFILE_DIR_PATH}/Podfile.lock\" \"${PODS_ROOT}/Manifest.lock\" > /dev/null\nif [ $? != 0 ] ; then\n    # print error to STDERR\n    echo \"error: The sandbox is not in sync with the Podfile.lock. Run 'pod install' or update your CocoaPods installation.\" >&2\n    exit 1\nfi\n# This output is used by Xcode 'outputs' to avoid re-running this script phase.\necho \"SUCCESS\" > \"${SCRIPT_OUTPUT_FILE_0}\"\n";
			showEnvVarsInLog = 0;
		};
		6C4E4AE9B327945DF6E92AE6 /* [CP] Embed Pods Frameworks */ = {
			isa = PBXShellScriptBuildPhase;
			buildActionMask = 2147483647;
			files = (
			);
			inputPaths = (
				"${SRCROOT}/Pods/Target Support Files/Pods-swiftLearnDemo/Pods-swiftLearnDemo-frameworks.sh",
				"${BUILT_PRODUCTS_DIR}/Alamofire/Alamofire.framework",
				"${BUILT_PRODUCTS_DIR}/ExpandingMenu/ExpandingMenu.framework",
				"${BUILT_PRODUCTS_DIR}/Kingfisher/Kingfisher.framework",
			);
			name = "[CP] Embed Pods Frameworks";
			outputPaths = (
				"${TARGET_BUILD_DIR}/${FRAMEWORKS_FOLDER_PATH}/Alamofire.framework",
				"${TARGET_BUILD_DIR}/${FRAMEWORKS_FOLDER_PATH}/ExpandingMenu.framework",
				"${TARGET_BUILD_DIR}/${FRAMEWORKS_FOLDER_PATH}/Kingfisher.framework",
			);
			runOnlyForDeploymentPostprocessing = 0;
			shellPath = /bin/sh;
			shellScript = "\"${SRCROOT}/Pods/Target Support Files/Pods-swiftLearnDemo/Pods-swiftLearnDemo-frameworks.sh\"\n";
			showEnvVarsInLog = 0;
		};
/* End PBXShellScriptBuildPhase section */

/* Begin PBXSourcesBuildPhase section */
		02944D082288F80900CD6753 /* Sources */ = {
			isa = PBXSourcesBuildPhase;
			buildActionMask = 2147483647;
			files = (
				02EA6BCF228909EF009B28CA /* netWorkTools.swift in Sources */,
				02EA6BC822890588009B28CA /* NSDate-Extension.swift in Sources */,
				02944D122288F80900CD6753 /* ViewController.swift in Sources */,
				02EA6BDC22891CCF009B28CA /* PageTitleView.swift in Sources */,
				02EA6BD222890C9D009B28CA /* BaseGameModel.swift in Sources */,
				02EA6BD622890E7D009B28CA /* AnchorModel.swift in Sources */,
				02EA6BD9228910C0009B28CA /* BaseViewModel.swift in Sources */,
				02EA6BC622890183009B28CA /* UIColor-Extension.swift in Sources */,
				02944D102288F80900CD6753 /* AppDelegate.swift in Sources */,
				02EA6BD422890D8D009B28CA /* AnchorGroupModel.swift in Sources */,
				02EA6BC42288FEC1009B28CA /* UIBarButtonItem-Extension.swift in Sources */,
				02EA6BCA2289070D009B28CA /* NSString-Extension.swift in Sources */,
				02EA6BDE22893C1B009B28CA /* CollectionBaseCell.swift in Sources */,
				02EA6BCD22890968009B28CA /* Common.swift in Sources */,
			);
			runOnlyForDeploymentPostprocessing = 0;
		};
/* End PBXSourcesBuildPhase section */

/* Begin PBXVariantGroup section */
		02944D132288F80900CD6753 /* Main.storyboard */ = {
			isa = PBXVariantGroup;
			children = (
				02944D142288F80900CD6753 /* Base */,
			);
			name = Main.storyboard;
			sourceTree = "<group>";
		};
		02944D182288F80A00CD6753 /* LaunchScreen.storyboard */ = {
			isa = PBXVariantGroup;
			children = (
				02944D192288F80A00CD6753 /* Base */,
			);
			name = LaunchScreen.storyboard;
			sourceTree = "<group>";
		};
/* End PBXVariantGroup section */

/* Begin XCBuildConfiguration section */
		02944D1C2288F80A00CD6753 /* Debug */ = {
			isa = XCBuildConfiguration;
			buildSettings = {
				ALWAYS_SEARCH_USER_PATHS = NO;
				CLANG_ANALYZER_NONNULL = YES;
				CLANG_ANALYZER_NUMBER_OBJECT_CONVERSION = YES_AGGRESSIVE;
				CLANG_CXX_LANGUAGE_STANDARD = "gnu++14";
				CLANG_CXX_LIBRARY = "libc++";
				CLANG_ENABLE_MODULES = YES;
				CLANG_ENABLE_OBJC_ARC = YES;
				CLANG_ENABLE_OBJC_WEAK = YES;
				CLANG_WARN_BLOCK_CAPTURE_AUTORELEASING = YES;
				CLANG_WARN_BOOL_CONVERSION = YES;
				CLANG_WARN_COMMA = YES;
				CLANG_WARN_CONSTANT_CONVERSION = YES;
				CLANG_WARN_DEPRECATED_OBJC_IMPLEMENTATIONS = YES;
				CLANG_WARN_DIRECT_OBJC_ISA_USAGE = YES_ERROR;
				CLANG_WARN_DOCUMENTATION_COMMENTS = YES;
				CLANG_WARN_EMPTY_BODY = YES;
				CLANG_WARN_ENUM_CONVERSION = YES;
				CLANG_WARN_INFINITE_RECURSION = YES;
				CLANG_WARN_INT_CONVERSION = YES;
				CLANG_WARN_NON_LITERAL_NULL_CONVERSION = YES;
				CLANG_WARN_OBJC_IMPLICIT_RETAIN_SELF = YES;
				CLANG_WARN_OBJC_LITERAL_CONVERSION = YES;
				CLANG_WARN_OBJC_ROOT_CLASS = YES_ERROR;
				CLANG_WARN_RANGE_LOOP_ANALYSIS = YES;
				CLANG_WARN_STRICT_PROTOTYPES = YES;
				CLANG_WARN_SUSPICIOUS_MOVE = YES;
				CLANG_WARN_UNGUARDED_AVAILABILITY = YES_AGGRESSIVE;
				CLANG_WARN_UNREACHABLE_CODE = YES;
				CLANG_WARN__DUPLICATE_METHOD_MATCH = YES;
				CODE_SIGN_IDENTITY = "iPhone Developer";
				COPY_PHASE_STRIP = NO;
				DEBUG_INFORMATION_FORMAT = dwarf;
				ENABLE_STRICT_OBJC_MSGSEND = YES;
				ENABLE_TESTABILITY = YES;
				GCC_C_LANGUAGE_STANDARD = gnu11;
				GCC_DYNAMIC_NO_PIC = NO;
				GCC_NO_COMMON_BLOCKS = YES;
				GCC_OPTIMIZATION_LEVEL = 0;
				GCC_PREPROCESSOR_DEFINITIONS = (
					"DEBUG=1",
					"$(inherited)",
				);
				GCC_WARN_64_TO_32_BIT_CONVERSION = YES;
				GCC_WARN_ABOUT_RETURN_TYPE = YES_ERROR;
				GCC_WARN_UNDECLARED_SELECTOR = YES;
				GCC_WARN_UNINITIALIZED_AUTOS = YES_AGGRESSIVE;
				GCC_WARN_UNUSED_FUNCTION = YES;
				GCC_WARN_UNUSED_VARIABLE = YES;
				IPHONEOS_DEPLOYMENT_TARGET = 12.2;
				MTL_ENABLE_DEBUG_INFO = INCLUDE_SOURCE;
				MTL_FAST_MATH = YES;
				ONLY_ACTIVE_ARCH = YES;
				SDKROOT = iphoneos;
				SWIFT_ACTIVE_COMPILATION_CONDITIONS = DEBUG;
				SWIFT_OPTIMIZATION_LEVEL = "-Onone";
			};
			name = Debug;
		};
		02944D1D2288F80A00CD6753 /* Release */ = {
			isa = XCBuildConfiguration;
			buildSettings = {
				ALWAYS_SEARCH_USER_PATHS = NO;
				CLANG_ANALYZER_NONNULL = YES;
				CLANG_ANALYZER_NUMBER_OBJECT_CONVERSION = YES_AGGRESSIVE;
				CLANG_CXX_LANGUAGE_STANDARD = "gnu++14";
				CLANG_CXX_LIBRARY = "libc++";
				CLANG_ENABLE_MODULES = YES;
				CLANG_ENABLE_OBJC_ARC = YES;
				CLANG_ENABLE_OBJC_WEAK = YES;
				CLANG_WARN_BLOCK_CAPTURE_AUTORELEASING = YES;
				CLANG_WARN_BOOL_CONVERSION = YES;
				CLANG_WARN_COMMA = YES;
				CLANG_WARN_CONSTANT_CONVERSION = YES;
				CLANG_WARN_DEPRECATED_OBJC_IMPLEMENTATIONS = YES;
				CLANG_WARN_DIRECT_OBJC_ISA_USAGE = YES_ERROR;
				CLANG_WARN_DOCUMENTATION_COMMENTS = YES;
				CLANG_WARN_EMPTY_BODY = YES;
				CLANG_WARN_ENUM_CONVERSION = YES;
				CLANG_WARN_INFINITE_RECURSION = YES;
				CLANG_WARN_INT_CONVERSION = YES;
				CLANG_WARN_NON_LITERAL_NULL_CONVERSION = YES;
				CLANG_WARN_OBJC_IMPLICIT_RETAIN_SELF = YES;
				CLANG_WARN_OBJC_LITERAL_CONVERSION = YES;
				CLANG_WARN_OBJC_ROOT_CLASS = YES_ERROR;
				CLANG_WARN_RANGE_LOOP_ANALYSIS = YES;
				CLANG_WARN_STRICT_PROTOTYPES = YES;
				CLANG_WARN_SUSPICIOUS_MOVE = YES;
				CLANG_WARN_UNGUARDED_AVAILABILITY = YES_AGGRESSIVE;
				CLANG_WARN_UNREACHABLE_CODE = YES;
				CLANG_WARN__DUPLICATE_METHOD_MATCH = YES;
				CODE_SIGN_IDENTITY = "iPhone Developer";
				COPY_PHASE_STRIP = NO;
				DEBUG_INFORMATION_FORMAT = "dwarf-with-dsym";
				ENABLE_NS_ASSERTIONS = NO;
				ENABLE_STRICT_OBJC_MSGSEND = YES;
				GCC_C_LANGUAGE_STANDARD = gnu11;
				GCC_NO_COMMON_BLOCKS = YES;
				GCC_WARN_64_TO_32_BIT_CONVERSION = YES;
				GCC_WARN_ABOUT_RETURN_TYPE = YES_ERROR;
				GCC_WARN_UNDECLARED_SELECTOR = YES;
				GCC_WARN_UNINITIALIZED_AUTOS = YES_AGGRESSIVE;
				GCC_WARN_UNUSED_FUNCTION = YES;
				GCC_WARN_UNUSED_VARIABLE = YES;
				IPHONEOS_DEPLOYMENT_TARGET = 12.2;
				MTL_ENABLE_DEBUG_INFO = NO;
				MTL_FAST_MATH = YES;
				SDKROOT = iphoneos;
				SWIFT_COMPILATION_MODE = wholemodule;
				SWIFT_OPTIMIZATION_LEVEL = "-O";
				VALIDATE_PRODUCT = YES;
			};
			name = Release;
		};
		02944D1F2288F80A00CD6753 /* Debug */ = {
			isa = XCBuildConfiguration;
			baseConfigurationReference = C5FC3DC6EA8A993DE6B1D720 /* Pods-swiftLearnDemo.debug.xcconfig */;
			buildSettings = {
				ASSETCATALOG_COMPILER_APPICON_NAME = AppIcon;
				CODE_SIGN_STYLE = Automatic;
				DEVELOPMENT_TEAM = Z24MR455SQ;
				INFOPLIST_FILE = swiftLearnDemo/Info.plist;
				LD_RUNPATH_SEARCH_PATHS = (
					"$(inherited)",
					"@executable_path/Frameworks",
				);
				PRODUCT_BUNDLE_IDENTIFIER = com.zyf.swiftLearnDemo;
				PRODUCT_NAME = "$(TARGET_NAME)";
				SWIFT_VERSION = 5.0;
				TARGETED_DEVICE_FAMILY = 1;
			};
			name = Debug;
		};
		02944D202288F80A00CD6753 /* Release */ = {
			isa = XCBuildConfiguration;
			baseConfigurationReference = 4E1D341CAE8B15991DBF9686 /* Pods-swiftLearnDemo.release.xcconfig */;
			buildSettings = {
				ASSETCATALOG_COMPILER_APPICON_NAME = AppIcon;
				CODE_SIGN_STYLE = Automatic;
				DEVELOPMENT_TEAM = Z24MR455SQ;
				INFOPLIST_FILE = swiftLearnDemo/Info.plist;
				LD_RUNPATH_SEARCH_PATHS = (
					"$(inherited)",
					"@executable_path/Frameworks",
				);
				PRODUCT_BUNDLE_IDENTIFIER = com.zyf.swiftLearnDemo;
				PRODUCT_NAME = "$(TARGET_NAME)";
				SWIFT_VERSION = 5.0;
				TARGETED_DEVICE_FAMILY = 1;
			};
			name = Release;
		};
/* End XCBuildConfiguration section */

/* Begin XCConfigurationList section */
		02944D072288F80900CD6753 /* Build configuration list for PBXProject "swiftLearnDemo" */ = {
			isa = XCConfigurationList;
			buildConfigurations = (
				02944D1C2288F80A00CD6753 /* Debug */,
				02944D1D2288F80A00CD6753 /* Release */,
			);
			defaultConfigurationIsVisible = 0;
			defaultConfigurationName = Release;
		};
		02944D1E2288F80A00CD6753 /* Build configuration list for PBXNativeTarget "swiftLearnDemo" */ = {
			isa = XCConfigurationList;
			buildConfigurations = (
				02944D1F2288F80A00CD6753 /* Debug */,
				02944D202288F80A00CD6753 /* Release */,
			);
			defaultConfigurationIsVisible = 0;
			defaultConfigurationName = Release;
		};
/* End XCConfigurationList section */
	};
	rootObject = 02944D042288F80900CD6753 /* Project object */;
}
